// !$*UTF8*$!
{
	archiveVersion = 1;
	classes = {
	};
	objectVersion = 46;
	objects = {

/* Begin PBXBuildFile section */
		418B9BCE1EC5D374007CA486 /* CassiniViewController.swift in Sources */ = {isa = PBXBuildFile; fileRef = 418B9BCD1EC5D374007CA486 /* CassiniViewController.swift */; };
		419608E81EAE3D34000EA021 /* AppDelegate.swift in Sources */ = {isa = PBXBuildFile; fileRef = 419608E71EAE3D34000EA021 /* AppDelegate.swift */; };
		419608ED1EAE3D34000EA021 /* Main.storyboard in Resources */ = {isa = PBXBuildFile; fileRef = 419608EB1EAE3D34000EA021 /* Main.storyboard */; };
		419608EF1EAE3D34000EA021 /* Assets.xcassets in Resources */ = {isa = PBXBuildFile; fileRef = 419608EE1EAE3D34000EA021 /* Assets.xcassets */; };
		419608F21EAE3D34000EA021 /* LaunchScreen.storyboard in Resources */ = {isa = PBXBuildFile; fileRef = 419608F01EAE3D34000EA021 /* LaunchScreen.storyboard */; };
		419608FB1EAE3D95000EA021 /* ImageViewController.swift in Sources */ = {isa = PBXBuildFile; fileRef = 419608FA1EAE3D95000EA021 /* ImageViewController.swift */; };
		419608FD1EAE4033000EA021 /* DemoURL.swift in Sources */ = {isa = PBXBuildFile; fileRef = 419608FC1EAE4033000EA021 /* DemoURL.swift */; };
/* End PBXBuildFile section */

/* Begin PBXFileReference section */
		418B9BCD1EC5D374007CA486 /* CassiniViewController.swift */ = {isa = PBXFileReference; fileEncoding = 4; lastKnownFileType = sourcecode.swift; path = CassiniViewController.swift; sourceTree = "<group>"; };
		419608E41EAE3D34000EA021 /* Cassini.app */ = {isa = PBXFileReference; explicitFileType = wrapper.application; includeInIndex = 0; path = Cassini.app; sourceTree = BUILT_PRODUCTS_DIR; };
		419608E71EAE3D34000EA021 /* AppDelegate.swift */ = {isa = PBXFileReference; lastKnownFileType = sourcecode.swift; path = AppDelegate.swift; sourceTree = "<group>"; };
		419608EC1EAE3D34000EA021 /* Base */ = {isa = PBXFileReference; lastKnownFileType = file.storyboard; name = Base; path = Base.lproj/Main.storyboard; sourceTree = "<group>"; };
		419608EE1EAE3D34000EA021 /* Assets.xcassets */ = {isa = PBXFileReference; lastKnownFileType = folder.assetcatalog; path = Assets.xcassets; sourceTree = "<group>"; };
		419608F11EAE3D34000EA021 /* Base */ = {isa = PBXFileReference; lastKnownFileType = file.storyboard; name = Base; path = Base.lproj/LaunchScreen.storyboard; sourceTree = "<group>"; };
		419608F31EAE3D34000EA021 /* Info.plist */ = {isa = PBXFileReference; lastKnownFileType = text.plist.xml; path = Info.plist; sourceTree = "<group>"; };
		419608FA1EAE3D95000EA021 /* ImageViewController.swift */ = {isa = PBXFileReference; fileEncoding = 4; lastKnownFileType = sourcecode.swift; path = ImageViewController.swift; sourceTree = "<group>"; };
		419608FC1EAE4033000EA021 /* DemoURL.swift */ = {isa = PBXFileReference; fileEncoding = 4; lastKnownFileType = sourcecode.swift; path = DemoURL.swift; sourceTree = "<group>"; };
/* End PBXFileReference section */

/* Begin PBXFrameworksBuildPhase section */
		419608E11EAE3D34000EA021 /* Frameworks */ = {
			isa = PBXFrameworksBuildPhase;
			buildActionMask = 2147483647;
			files = (
			);
			runOnlyForDeploymentPostprocessing = 0;
		};
/* End PBXFrameworksBuildPhase section */

/* Begin PBXGroup section */
		419608DB1EAE3D34000EA021 = {
			isa = PBXGroup;
			children = (
				419608E61EAE3D34000EA021 /* Cassini */,
				419608E51EAE3D34000EA021 /* Products */,
			);
			sourceTree = "<group>";
		};
		419608E51EAE3D34000EA021 /* Products */ = {
			isa = PBXGroup;
			children = (
				419608E41EAE3D34000EA021 /* Cassini.app */,
			);
			name = Products;
			sourceTree = "<group>";
		};
		419608E61EAE3D34000EA021 /* Cassini */ = {
			isa = PBXGroup;
			children = (
				419608F91EAE3D3F000EA021 /* Supporting Files */,
				418B9BCD1EC5D374007CA486 /* CassiniViewController.swift */,
				419608EB1EAE3D34000EA021 /* Main.storyboard */,
				419608FA1EAE3D95000EA021 /* ImageViewController.swift */,
				419608FC1EAE4033000EA021 /* DemoURL.swift */,
				419608F31EAE3D34000EA021 /* Info.plist */,
			);
			path = Cassini;
			sourceTree = "<group>";
		};
		419608F91EAE3D3F000EA021 /* Supporting Files */ = {
			isa = PBXGroup;
			children = (
				419608E71EAE3D34000EA021 /* AppDelegate.swift */,
				419608EE1EAE3D34000EA021 /* Assets.xcassets */,
				419608F01EAE3D34000EA021 /* LaunchScreen.storyboard */,
			);
			name = "Supporting Files";
			sourceTree = "<group>";
		};
/* End PBXGroup section */

/* Begin PBXNativeTarget section */
		419608E31EAE3D34000EA021 /* Cassini */ = {
			isa = PBXNativeTarget;
			buildConfigurationList = 419608F61EAE3D34000EA021 /* Build configuration list for PBXNativeTarget "Cassini" */;
			buildPhases = (
				419608E01EAE3D34000EA021 /* Sources */,
				419608E11EAE3D34000EA021 /* Frameworks */,
				419608E21EAE3D34000EA021 /* Resources */,
			);
			buildRules = (
			);
			dependencies = (
			);
			name = Cassini;
			productName = Cassini;
			productReference = 419608E41EAE3D34000EA021 /* Cassini.app */;
			productType = "com.apple.product-type.application";
		};
/* End PBXNativeTarget section */

/* Begin PBXProject section */
		419608DC1EAE3D34000EA021 /* Project object */ = {
			isa = PBXProject;
			attributes = {
				LastSwiftUpdateCheck = 0830;
				LastUpgradeCheck = 0830;
				ORGANIZATIONNAME = "Witek Bobrowski";
				TargetAttributes = {
					419608E31EAE3D34000EA021 = {
						CreatedOnToolsVersion = 8.3.2;
						DevelopmentTeam = U82NM6NPZS;
						ProvisioningStyle = Automatic;
					};
				};
			};
			buildConfigurationList = 419608DF1EAE3D34000EA021 /* Build configuration list for PBXProject "Cassini" */;
			compatibilityVersion = "Xcode 3.2";
			developmentRegion = English;
			hasScannedForEncodings = 0;
			knownRegions = (
				en,
				Base,
			);
			mainGroup = 419608DB1EAE3D34000EA021;
			productRefGroup = 419608E51EAE3D34000EA021 /* Products */;
			projectDirPath = "";
			projectRoot = "";
			targets = (
				419608E31EAE3D34000EA021 /* Cassini */,
			);
		};
/* End PBXProject section */

/* Begin PBXResourcesBuildPhase section */
		419608E21EAE3D34000EA021 /* Resources */ = {
			isa = PBXResourcesBuildPhase;
			buildActionMask = 2147483647;
			files = (
				419608F21EAE3D34000EA021 /* LaunchScreen.storyboard in Resources */,
				419608EF1EAE3D34000EA021 /* Assets.xcassets in Resources */,
				419608ED1EAE3D34000EA021 /* Main.storyboard in Resources */,
			);
			runOnlyForDeploymentPostprocessing = 0;
		};
/* End PBXResourcesBuildPhase section */

/* Begin PBXSourcesBuildPhase section */
		419608E01EAE3D34000EA021 /* Sources */ = {
			isa = PBXSourcesBuildPhase;
			buildActionMask = 2147483647;
			files = (
				419608FB1EAE3D95000EA021 /* ImageViewController.swift in Sources */,
				419608E81EAE3D34000EA021 /* AppDelegate.swift in Sources */,
				419608FD1EAE4033000EA021 /* DemoURL.swift in Sources */,
				418B9BCE1EC5D374007CA486 /* CassiniViewController.swift in Sources */,
			);
			runOnlyForDeploymentPostprocessing = 0;
		};
/* End PBXSourcesBuildPhase section */

/* Begin PBXVariantGroup section */
		419608EB1EAE3D34000EA021 /* Main.storyboard */ = {
			isa = PBXVariantGroup;
			children = (
				419608EC1EAE3D34000EA021 /* Base */,
			);
			name = Main.storyboard;
			sourceTree = "<group>";
		};
		419608F01EAE3D34000EA021 /* LaunchScreen.storyboard */ = {
			isa = PBXVariantGroup;
			children = (
				419608F11EAE3D34000EA021 /* Base */,
			);
			name = LaunchScreen.storyboard;
			sourceTree = "<group>";
		};
/* End PBXVariantGroup section */

/* Begin XCBuildConfiguration section */
		419608F41EAE3D34000EA021 /* Debug */ = {
			isa = XCBuildConfiguration;
			buildSettings = {
				ALWAYS_SEARCH_USER_PATHS = NO;
				CLANG_ANALYZER_NONNULL = YES;
				CLANG_ANALYZER_NUMBER_OBJECT_CONVERSION = YES_AGGRESSIVE;
				CLANG_CXX_LANGUAGE_STANDARD = "gnu++0x";
				CLANG_CXX_LIBRARY = "libc++";
				CLANG_ENABLE_MODULES = YES;
				CLANG_ENABLE_OBJC_ARC = YES;
				CLANG_WARN_BOOL_CONVERSION = YES;
				CLANG_WARN_CONSTANT_CONVERSION = YES;
				CLANG_WARN_DIRECT_OBJC_ISA_USAGE = YES_ERROR;
				CLANG_WARN_DOCUMENTATION_COMMENTS = YES;
				CLANG_WARN_EMPTY_BODY = YES;
				CLANG_WARN_ENUM_CONVERSION = YES;
				CLANG_WARN_INFINITE_RECURSION = YES;
				CLANG_WARN_INT_CONVERSION = YES;
				CLANG_WARN_OBJC_ROOT_CLASS = YES_ERROR;
				CLANG_WARN_SUSPICIOUS_MOVE = YES;
				CLANG_WARN_UNREACHABLE_CODE = YES;
				CLANG_WARN__DUPLICATE_METHOD_MATCH = YES;
				"CODE_SIGN_IDENTITY[sdk=iphoneos*]" = "iPhone Developer";
				COPY_PHASE_STRIP = NO;
				DEBUG_INFORMATION_FORMAT = dwarf;
				ENABLE_STRICT_OBJC_MSGSEND = YES;
				ENABLE_TESTABILITY = YES;
				GCC_C_LANGUAGE_STANDARD = gnu99;
				GCC_DYNAMIC_NO_PIC = NO;
				GCC_NO_COMMON_BLOCKS = YES;
				GCC_OPTIMIZATION_LEVEL = 0;
				GCC_PREPROCESSOR_DEFINITIONS = (
					"DEBUG=1",
					"$(inherited)",
				);
				GCC_WARN_64_TO_32_BIT_CONVERSION = YES;
				GCC_WARN_ABOUT_RETURN_TYPE = YES_ERROR;
				GCC_WARN_UNDECLARED_SELECTOR = YES;
				GCC_WARN_UNINITIALIZED_AUTOS = YES_AGGRESSIVE;
				GCC_WARN_UNUSED_FUNCTION = YES;
				GCC_WARN_UNUSED_VARIABLE = YES;
				IPHONEOS_DEPLOYMENT_TARGET = 10.3;
				MTL_ENABLE_DEBUG_INFO = YES;
				ONLY_ACTIVE_ARCH = YES;
				SDKROOT = iphoneos;
				SWIFT_ACTIVE_COMPILATION_CONDITIONS = DEBUG;
				SWIFT_OPTIMIZATION_LEVEL = "-Onone";
				TARGETED_DEVICE_FAMILY = "1,2";
			};
			name = Debug;
		};
		419608F51EAE3D34000EA021 /* Release */ = {
			isa = XCBuildConfiguration;
			buildSettings = {
				ALWAYS_SEARCH_USER_PATHS = NO;
				CLANG_ANALYZER_NONNULL = YES;
				CLANG_ANALYZER_NUMBER_OBJECT_CONVERSION = YES_AGGRESSIVE;
				CLANG_CXX_LANGUAGE_STANDARD = "gnu++0x";
				CLANG_CXX_LIBRARY = "libc++";
				CLANG_ENABLE_MODULES = YES;
				CLANG_ENABLE_OBJC_ARC = YES;
				CLANG_WARN_BOOL_CONVERSION = YES;
				CLANG_WARN_CONSTANT_CONVERSION = YES;
				CLANG_WARN_DIRECT_OBJC_ISA_USAGE = YES_ERROR;
				CLANG_WARN_DOCUMENTATION_COMMENTS = YES;
				CLANG_WARN_EMPTY_BODY = YES;
				CLANG_WARN_ENUM_CONVERSION = YES;
				CLANG_WARN_INFINITE_RECURSION = YES;
				CLANG_WARN_INT_CONVERSION = YES;
				CLANG_WARN_OBJC_ROOT_CLASS = YES_ERROR;
				CLANG_WARN_SUSPICIOUS_MOVE = YES;
				CLANG_WARN_UNREACHABLE_CODE = YES;
				CLANG_WARN__DUPLICATE_METHOD_MATCH = YES;
				"CODE_SIGN_IDENTITY[sdk=iphoneos*]" = "iPhone Developer";
				COPY_PHASE_STRIP = NO;
				DEBUG_INFORMATION_FORMAT = "dwarf-with-dsym";
				ENABLE_NS_ASSERTIONS = NO;
				ENABLE_STRICT_OBJC_MSGSEND = YES;
				GCC_C_LANGUAGE_STANDARD = gnu99;
				GCC_NO_COMMON_BLOCKS = YES;
				GCC_WARN_64_TO_32_BIT_CONVERSION = YES;
				GCC_WARN_ABOUT_RETURN_TYPE = YES_ERROR;
				GCC_WARN_UNDECLARED_SELECTOR = YES;
				GCC_WARN_UNINITIALIZED_AUTOS = YES_AGGRESSIVE;
				GCC_WARN_UNUSED_FUNCTION = YES;
				GCC_WARN_UNUSED_VARIABLE = YES;
				IPHONEOS_DEPLOYMENT_TARGET = 10.3;
				MTL_ENABLE_DEBUG_INFO = NO;
				SDKROOT = iphoneos;
				SWIFT_OPTIMIZATION_LEVEL = "-Owholemodule";
				TARGETED_DEVICE_FAMILY = "1,2";
				VALIDATE_PRODUCT = YES;
			};
			name = Release;
		};
		419608F71EAE3D34000EA021 /* Debug */ = {
			isa = XCBuildConfiguration;
			buildSettings = {
				ASSETCATALOG_COMPILER_APPICON_NAME = AppIcon;
				DEVELOPMENT_TEAM = U82NM6NPZS;
				INFOPLIST_FILE = Cassini/Info.plist;
				LD_RUNPATH_SEARCH_PATHS = "$(inherited) @executable_path/Frameworks";
				PRODUCT_BUNDLE_IDENTIFIER = witek.bobrowski.Cassini;
				PRODUCT_NAME = "$(TARGET_NAME)";
				SWIFT_VERSION = 3.0;
			};
			name = Debug;
		};
		419608F81EAE3D34000EA021 /* Release */ = {
			isa = XCBuildConfiguration;
			buildSettings = {
				ASSETCATALOG_COMPILER_APPICON_NAME = AppIcon;
				DEVELOPMENT_TEAM = U82NM6NPZS;
				INFOPLIST_FILE = Cassini/Info.plist;
				LD_RUNPATH_SEARCH_PATHS = "$(inherited) @executable_path/Frameworks";
				PRODUCT_BUNDLE_IDENTIFIER = witek.bobrowski.Cassini;
				PRODUCT_NAME = "$(TARGET_NAME)";
				SWIFT_VERSION = 3.0;
			};
			name = Release;
		};
/* End XCBuildConfiguration section */

/* Begin XCConfigurationList section */
		419608DF1EAE3D34000EA021 /* Build configuration list for PBXProject "Cassini" */ = {
			isa = XCConfigurationList;
			buildConfigurations = (
				419608F41EAE3D34000EA021 /* Debug */,
				419608F51EAE3D34000EA021 /* Release */,
			);
			defaultConfigurationIsVisible = 0;
			defaultConfigurationName = Release;
		};
		419608F61EAE3D34000EA021 /* Build configuration list for PBXNativeTarget "Cassini" */ = {
			isa = XCConfigurationList;
			buildConfigurations = (
				419608F71EAE3D34000EA021 /* Debug */,
				419608F81EAE3D34000EA021 /* Release */,
			);
			defaultConfigurationIsVisible = 0;
			defaultConfigurationName = Release;
		};
/* End XCConfigurationList section */
	};
	rootObject = 419608DC1EAE3D34000EA021 /* Project object */;
}
